# THIS IS AN AUTOGENERATED FILE. DO NOT EDIT THIS FILE DIRECTLY.
# yarn lockfile v1


ansi_up@^2.0.2:
  version "2.0.2"
  resolved "https://registry.yarnpkg.com/ansi_up/-/ansi_up-2.0.2.tgz#9b54de508c5c579f5b6968e65c1b863e0680ab92"

marked@^0.3.7:
  version "0.3.12"
  resolved "https://registry.yarnpkg.com/marked/-/marked-0.3.12.tgz#7cf25ff2252632f3fe2406bde258e94eee927519"

monaco-editor@^0.10.1:
  version "0.10.1"
  resolved "https://registry.yarnpkg.com/monaco-editor/-/monaco-editor-0.10.1.tgz#8c96c4f15b6b5258bf92cbde93cad8a7e3007e14"

sweetalert2@^7.3.0:
  version "7.4.0"
  resolved "https://registry.yarnpkg.com/sweetalert2/-/sweetalert2-7.4.0.tgz#d474acb4c0e8fc6308d955eed8fc6a2228be2f19"
